
Microsoft Visual Studio Solution File, Format Version 12.00
# Visual Studio Version 17
VisualStudioVersion = 17.0.31903.59
MinimumVisualStudioVersion = 10.0.40219.1
Project("{FAE04EC0-301F-11D3-BF4B-00C04F79EFBC}") = "ServiceBusReceiverApp", "ServiceBusReceiverApp\ServiceBusReceiverApp.csproj", "{39C27E8C-3CC0-417E-8C84-C472159D4CE5}"
EndProject
Project("{FAE04EC0-301F-11D3-BF4B-00C04F79EFBC}") = "ServiceBusSenderApp", "ServiceBusSender\ServiceBusSenderApp.csproj", "{35471C39-9FDA-4653-9962-B92FBCF402CE}"
EndProject
Global
	GlobalSection(SolutionConfigurationPlatforms) = preSolution
		Debug|Any CPU = Debug|Any CPU
		Release|Any CPU = Release|Any CPU
	EndGlobalSection
	GlobalSection(ProjectConfigurationPlatforms) = postSolution
		{39C27E8C-3CC0-417E-8C84-C472159D4CE5}.Debug|Any CPU.ActiveCfg = Debug|Any CPU
		{39C27E8C-3CC0-417E-8C84-C472159D4CE5}.Debug|Any CPU.Build.0 = Debug|Any CPU
		{39C27E8C-3CC0-417E-8C84-C472159D4CE5}.Release|Any CPU.ActiveCfg = Release|Any CPU
		{39C27E8C-3CC0-417E-8C84-C472159D4CE5}.Release|Any CPU.Build.0 = Release|Any CPU
		{35471C39-9FDA-4653-9962-B92FBCF402CE}.Debug|Any CPU.ActiveCfg = Debug|Any CPU
		{35471C39-9FDA-4653-9962-B92FBCF402CE}.Debug|Any CPU.Build.0 = Debug|Any CPU
		{35471C39-9FDA-4653-9962-B92FBCF402CE}.Release|Any CPU.ActiveCfg = Release|Any CPU
		{35471C39-9FDA-4653-9962-B92FBCF402CE}.Release|Any CPU.Build.0 = Release|Any CPU
	EndGlobalSection
	GlobalSection(SolutionProperties) = preSolution
		HideSolutionNode = FALSE
	EndGlobalSection
	GlobalSection(ExtensibilityGlobals) = postSolution
		SolutionGuid = {1673B209-39E6-434D-BDA8-F159030D94E3}
	EndGlobalSection
EndGlobal
